
Microsoft Visual Studio Solution File, Format Version 12.00
# Visual Studio Version 17
VisualStudioVersion = 17.5.33424.131
MinimumVisualStudioVersion = 10.0.40219.1
Project("{FAE04EC0-301F-11D3-BF4B-00C04F79EFBC}") = "OpenMind.WebApi", "..\src\OpenMind.WebApi\OpenMind.WebApi.csproj", "{FC14296C-94C7-412B-85DD-A4C2207B3073}"
EndProject
Global
	GlobalSection(SolutionConfigurationPlatforms) = preSolution
		Debug|Any CPU = Debug|Any CPU
		Release|Any CPU = Release|Any CPU
	EndGlobalSection
	GlobalSection(ProjectConfigurationPlatforms) = postSolution
		{FC14296C-94C7-412B-85DD-A4C2207B3073}.Debug|Any CPU.ActiveCfg = Debug|Any CPU
		{FC14296C-94C7-412B-85DD-A4C2207B3073}.Debug|Any CPU.Build.0 = Debug|Any CPU
		{FC14296C-94C7-412B-85DD-A4C2207B3073}.Release|Any CPU.ActiveCfg = Release|Any CPU
		{FC14296C-94C7-412B-85DD-A4C2207B3073}.Release|Any CPU.Build.0 = Release|Any CPU
	EndGlobalSection
	GlobalSection(SolutionProperties) = preSolution
		HideSolutionNode = FALSE
	EndGlobalSection
	GlobalSection(ExtensibilityGlobals) = postSolution
		SolutionGuid = {6BA0B385-9D9D-4E6B-8DA1-DD70A9CB25EC}
	EndGlobalSection
EndGlobal
